
Microsoft Visual Studio Solution File, Format Version 12.00
# Visual Studio Version 16
VisualStudioVersion = 16.0.30406.217
MinimumVisualStudioVersion = 10.0.40219.1
Project("{FAE04EC0-301F-11D3-BF4B-00C04F79EFBC}") = "MathQuizAsp", "MathQuizAsp\MathQuizAsp.csproj", "{2939ED93-8E0A-4C5E-A6B2-757EBF2F59A0}"
EndProject
Project("{9A19103F-16F7-4668-BE54-9A1E7A4F7556}") = "MathQuizCore", "MathQuizCore\MathQuizCore.csproj", "{3488ADE9-00F3-467B-8301-EBA57B539D80}"
EndProject
Project("{FAE04EC0-301F-11D3-BF4B-00C04F79EFBC}") = "MathQuizConsole", "MathQuizConsole\MathQuizConsole.csproj", "{5B5684EB-82D1-461A-81F8-54F4CA6D18EE}"
EndProject
Global
	GlobalSection(SolutionConfigurationPlatforms) = preSolution
		Debug|Any CPU = Debug|Any CPU
		Release|Any CPU = Release|Any CPU
	EndGlobalSection
	GlobalSection(ProjectConfigurationPlatforms) = postSolution
		{2939ED93-8E0A-4C5E-A6B2-757EBF2F59A0}.Debug|Any CPU.ActiveCfg = Debug|Any CPU
		{2939ED93-8E0A-4C5E-A6B2-757EBF2F59A0}.Debug|Any CPU.Build.0 = Debug|Any CPU
		{2939ED93-8E0A-4C5E-A6B2-757EBF2F59A0}.Release|Any CPU.ActiveCfg = Release|Any CPU
		{2939ED93-8E0A-4C5E-A6B2-757EBF2F59A0}.Release|Any CPU.Build.0 = Release|Any CPU
		{3488ADE9-00F3-467B-8301-EBA57B539D80}.Debug|Any CPU.ActiveCfg = Debug|Any CPU
		{3488ADE9-00F3-467B-8301-EBA57B539D80}.Debug|Any CPU.Build.0 = Debug|Any CPU
		{3488ADE9-00F3-467B-8301-EBA57B539D80}.Release|Any CPU.ActiveCfg = Release|Any CPU
		{3488ADE9-00F3-467B-8301-EBA57B539D80}.Release|Any CPU.Build.0 = Release|Any CPU
		{5B5684EB-82D1-461A-81F8-54F4CA6D18EE}.Debug|Any CPU.ActiveCfg = Debug|Any CPU
		{5B5684EB-82D1-461A-81F8-54F4CA6D18EE}.Debug|Any CPU.Build.0 = Debug|Any CPU
		{5B5684EB-82D1-461A-81F8-54F4CA6D18EE}.Release|Any CPU.ActiveCfg = Release|Any CPU
		{5B5684EB-82D1-461A-81F8-54F4CA6D18EE}.Release|Any CPU.Build.0 = Release|Any CPU
	EndGlobalSection
	GlobalSection(SolutionProperties) = preSolution
		HideSolutionNode = FALSE
	EndGlobalSection
	GlobalSection(ExtensibilityGlobals) = postSolution
		SolutionGuid = {675FAE72-622C-470A-8F80-E8E3357A9748}
	EndGlobalSection
EndGlobal
